
Microsoft Visual Studio Solution File, Format Version 12.00
# Visual Studio Version 17
VisualStudioVersion = 17.10.35013.160
MinimumVisualStudioVersion = 10.0.40219.1
Project("{9A19103F-16F7-4668-BE54-9A1E7A4F7556}") = "Task", "Task\Task.csproj", "{8AF5DCB2-D99F-4AFD-AE1D-4F2733E3800B}"
EndProject
Project("{9A19103F-16F7-4668-BE54-9A1E7A4F7556}") = "Core", "Core\Core.csproj", "{240DA1DB-A321-408E-98B2-0B6319FC7F79}"
EndProject
Project("{9A19103F-16F7-4668-BE54-9A1E7A4F7556}") = "Infrastructure", "Infrastructure\Infrastructure.csproj", "{DACDB213-C015-4129-BCD6-AA4EE3E63C4A}"
EndProject
Project("{9A19103F-16F7-4668-BE54-9A1E7A4F7556}") = "Services", "Services\Services.csproj", "{D8317AC5-53D5-4D92-9CFD-E86E02840C42}"
EndProject
Project("{FAE04EC0-301F-11D3-BF4B-00C04F79EFBC}") = "Application", "Application\Application.csproj", "{49C3D21F-2DF1-4970-9C15-454EA8FB5196}"
EndProject
Global
	GlobalSection(SolutionConfigurationPlatforms) = preSolution
		Debug|Any CPU = Debug|Any CPU
		Release|Any CPU = Release|Any CPU
	EndGlobalSection
	GlobalSection(ProjectConfigurationPlatforms) = postSolution
		{8AF5DCB2-D99F-4AFD-AE1D-4F2733E3800B}.Debug|Any CPU.ActiveCfg = Debug|Any CPU
		{8AF5DCB2-D99F-4AFD-AE1D-4F2733E3800B}.Debug|Any CPU.Build.0 = Debug|Any CPU
		{8AF5DCB2-D99F-4AFD-AE1D-4F2733E3800B}.Release|Any CPU.ActiveCfg = Release|Any CPU
		{8AF5DCB2-D99F-4AFD-AE1D-4F2733E3800B}.Release|Any CPU.Build.0 = Release|Any CPU
		{240DA1DB-A321-408E-98B2-0B6319FC7F79}.Debug|Any CPU.ActiveCfg = Debug|Any CPU
		{240DA1DB-A321-408E-98B2-0B6319FC7F79}.Debug|Any CPU.Build.0 = Debug|Any CPU
		{240DA1DB-A321-408E-98B2-0B6319FC7F79}.Release|Any CPU.ActiveCfg = Release|Any CPU
		{240DA1DB-A321-408E-98B2-0B6319FC7F79}.Release|Any CPU.Build.0 = Release|Any CPU
		{DACDB213-C015-4129-BCD6-AA4EE3E63C4A}.Debug|Any CPU.ActiveCfg = Debug|Any CPU
		{DACDB213-C015-4129-BCD6-AA4EE3E63C4A}.Debug|Any CPU.Build.0 = Debug|Any CPU
		{DACDB213-C015-4129-BCD6-AA4EE3E63C4A}.Release|Any CPU.ActiveCfg = Release|Any CPU
		{DACDB213-C015-4129-BCD6-AA4EE3E63C4A}.Release|Any CPU.Build.0 = Release|Any CPU
		{D8317AC5-53D5-4D92-9CFD-E86E02840C42}.Debug|Any CPU.ActiveCfg = Debug|Any CPU
		{D8317AC5-53D5-4D92-9CFD-E86E02840C42}.Debug|Any CPU.Build.0 = Debug|Any CPU
		{D8317AC5-53D5-4D92-9CFD-E86E02840C42}.Release|Any CPU.ActiveCfg = Release|Any CPU
		{D8317AC5-53D5-4D92-9CFD-E86E02840C42}.Release|Any CPU.Build.0 = Release|Any CPU
		{49C3D21F-2DF1-4970-9C15-454EA8FB5196}.Debug|Any CPU.ActiveCfg = Debug|Any CPU
		{49C3D21F-2DF1-4970-9C15-454EA8FB5196}.Debug|Any CPU.Build.0 = Debug|Any CPU
		{49C3D21F-2DF1-4970-9C15-454EA8FB5196}.Release|Any CPU.ActiveCfg = Release|Any CPU
		{49C3D21F-2DF1-4970-9C15-454EA8FB5196}.Release|Any CPU.Build.0 = Release|Any CPU
	EndGlobalSection
	GlobalSection(SolutionProperties) = preSolution
		HideSolutionNode = FALSE
	EndGlobalSection
	GlobalSection(ExtensibilityGlobals) = postSolution
		SolutionGuid = {E8D401D7-5748-4B9D-A249-F84A4D600246}
	EndGlobalSection
EndGlobal
